// !$*UTF8*$!
{
	archiveVersion = 1;
	classes = {
	};
	objectVersion = 55;
	objects = {

/* Begin PBXBuildFile section */
		17C134FB00E75034A7CBF7F8 /* Pods_floata.framework in Frameworks */ = {isa = PBXBuildFile; fileRef = 4AE51F40713A623BBA28BC06 /* Pods_floata.framework */; };
		EC5818A627433824006E0961 /* AppDelegate.swift in Sources */ = {isa = PBXBuildFile; fileRef = EC5818A527433824006E0961 /* AppDelegate.swift */; };
		EC5818A827433824006E0961 /* SceneDelegate.swift in Sources */ = {isa = PBXBuildFile; fileRef = EC5818A727433824006E0961 /* SceneDelegate.swift */; };
		EC5818AD27433824006E0961 /* Main.storyboard in Resources */ = {isa = PBXBuildFile; fileRef = EC5818AB27433824006E0961 /* Main.storyboard */; };
		EC5818B027433824006E0961 /* floata.xcdatamodeld in Sources */ = {isa = PBXBuildFile; fileRef = EC5818AE27433824006E0961 /* floata.xcdatamodeld */; };
		EC5818B227433826006E0961 /* Assets.xcassets in Resources */ = {isa = PBXBuildFile; fileRef = EC5818B127433826006E0961 /* Assets.xcassets */; };
		EC5818B527433826006E0961 /* LaunchScreen.storyboard in Resources */ = {isa = PBXBuildFile; fileRef = EC5818B327433826006E0961 /* LaunchScreen.storyboard */; };
		EC5818C827433A43006E0961 /* Writer+CoreDataClass.swift in Sources */ = {isa = PBXBuildFile; fileRef = EC5818C627433A43006E0961 /* Writer+CoreDataClass.swift */; };
		EC5818C927433A43006E0961 /* Writer+CoreDataProperties.swift in Sources */ = {isa = PBXBuildFile; fileRef = EC5818C727433A43006E0961 /* Writer+CoreDataProperties.swift */; };
		EC5818D427433D70006E0961 /* DetailTableViewCell.swift in Sources */ = {isa = PBXBuildFile; fileRef = EC5818CD27433D6F006E0961 /* DetailTableViewCell.swift */; };
		EC5818D527433D70006E0961 /* DpTableViewCell.swift in Sources */ = {isa = PBXBuildFile; fileRef = EC5818CE27433D6F006E0961 /* DpTableViewCell.swift */; };
		EC5818D627433D70006E0961 /* RepeatTableViewCell.swift in Sources */ = {isa = PBXBuildFile; fileRef = EC5818CF27433D6F006E0961 /* RepeatTableViewCell.swift */; };
		EC5818D727433D70006E0961 /* AlarmTableViewCell.swift in Sources */ = {isa = PBXBuildFile; fileRef = EC5818D027433D6F006E0961 /* AlarmTableViewCell.swift */; };
		EC5818D827433D70006E0961 /* ViewController.swift in Sources */ = {isa = PBXBuildFile; fileRef = EC5818D127433D6F006E0961 /* ViewController.swift */; };
		EC5818D927433D70006E0961 /* SetAlarmViewController.swift in Sources */ = {isa = PBXBuildFile; fileRef = EC5818D227433D70006E0961 /* SetAlarmViewController.swift */; };
		EC5818DA27433D70006E0961 /* AlarmDetailViewController.swift in Sources */ = {isa = PBXBuildFile; fileRef = EC5818D327433D70006E0961 /* AlarmDetailViewController.swift */; };
		EC5818DD27433DC7006E0961 /* InternetViewController.swift in Sources */ = {isa = PBXBuildFile; fileRef = EC5818DC27433DC7006E0961 /* InternetViewController.swift */; };
		EC5818E127433DD7006E0961 /* weatherson.swift in Sources */ = {isa = PBXBuildFile; fileRef = EC5818DE27433DD7006E0961 /* weatherson.swift */; };
		EC5818E227433DD7006E0961 /* WeatherViewController.swift in Sources */ = {isa = PBXBuildFile; fileRef = EC5818DF27433DD7006E0961 /* WeatherViewController.swift */; };
		EC5818E327433DD7006E0961 /* WeatherService.swift in Sources */ = {isa = PBXBuildFile; fileRef = EC5818E027433DD7006E0961 /* WeatherService.swift */; };
		EC5818E527433DE5006E0961 /* Weather.plist in Resources */ = {isa = PBXBuildFile; fileRef = EC5818E427433DE5006E0961 /* Weather.plist */; };
		EC5818EB274B328D006E0961 /* DataManager.swift in Sources */ = {isa = PBXBuildFile; fileRef = EC5818EA274B328D006E0961 /* DataManager.swift */; };
		EC5818ED274B67ED006E0961 /* ShowViewController.swift in Sources */ = {isa = PBXBuildFile; fileRef = EC5818EC274B67ED006E0961 /* ShowViewController.swift */; };
		EC5818EF274B6D33006E0961 /* WriteViewController.swift in Sources */ = {isa = PBXBuildFile; fileRef = EC5818EE274B6D33006E0961 /* WriteViewController.swift */; };
		EC5818F1274B879E006E0961 /* ListTableViewController.swift in Sources */ = {isa = PBXBuildFile; fileRef = EC5818F0274B879E006E0961 /* ListTableViewController.swift */; };
		EC5818F3274BAFC7006E0961 /* floata++Bundle.swift in Sources */ = {isa = PBXBuildFile; fileRef = EC5818F2274BAFC7006E0961 /* floata++Bundle.swift */; };
/* End PBXBuildFile section */

/* Begin PBXFileReference section */
		4AE51F40713A623BBA28BC06 /* Pods_floata.framework */ = {isa = PBXFileReference; explicitFileType = wrapper.framework; includeInIndex = 0; path = Pods_floata.framework; sourceTree = BUILT_PRODUCTS_DIR; };
		619DB7E9128A08C0D1E19084 /* Pods-floata.release.xcconfig */ = {isa = PBXFileReference; includeInIndex = 1; lastKnownFileType = text.xcconfig; name = "Pods-floata.release.xcconfig"; path = "Target Support Files/Pods-floata/Pods-floata.release.xcconfig"; sourceTree = "<group>"; };
		DAB71AD429B50C7A0F075B89 /* Pods-floata.debug.xcconfig */ = {isa = PBXFileReference; includeInIndex = 1; lastKnownFileType = text.xcconfig; name = "Pods-floata.debug.xcconfig"; path = "Target Support Files/Pods-floata/Pods-floata.debug.xcconfig"; sourceTree = "<group>"; };
		EC5818A227433824006E0961 /* floata.app */ = {isa = PBXFileReference; explicitFileType = wrapper.application; includeInIndex = 0; path = floata.app; sourceTree = BUILT_PRODUCTS_DIR; };
		EC5818A527433824006E0961 /* AppDelegate.swift */ = {isa = PBXFileReference; lastKnownFileType = sourcecode.swift; path = AppDelegate.swift; sourceTree = "<group>"; };
		EC5818A727433824006E0961 /* SceneDelegate.swift */ = {isa = PBXFileReference; lastKnownFileType = sourcecode.swift; path = SceneDelegate.swift; sourceTree = "<group>"; };
		EC5818AC27433824006E0961 /* Base */ = {isa = PBXFileReference; lastKnownFileType = file.storyboard; name = Base; path = Base.lproj/Main.storyboard; sourceTree = "<group>"; };
		EC5818AF27433824006E0961 /* floata.xcdatamodel */ = {isa = PBXFileReference; lastKnownFileType = wrapper.xcdatamodel; path = floata.xcdatamodel; sourceTree = "<group>"; };
		EC5818B127433826006E0961 /* Assets.xcassets */ = {isa = PBXFileReference; lastKnownFileType = folder.assetcatalog; path = Assets.xcassets; sourceTree = "<group>"; };
		EC5818B427433826006E0961 /* Base */ = {isa = PBXFileReference; lastKnownFileType = file.storyboard; name = Base; path = Base.lproj/LaunchScreen.storyboard; sourceTree = "<group>"; };
		EC5818B627433826006E0961 /* Info.plist */ = {isa = PBXFileReference; lastKnownFileType = text.plist.xml; path = Info.plist; sourceTree = "<group>"; };
		EC5818C627433A43006E0961 /* Writer+CoreDataClass.swift */ = {isa = PBXFileReference; lastKnownFileType = sourcecode.swift; path = "Writer+CoreDataClass.swift"; sourceTree = "<group>"; };
		EC5818C727433A43006E0961 /* Writer+CoreDataProperties.swift */ = {isa = PBXFileReference; lastKnownFileType = sourcecode.swift; path = "Writer+CoreDataProperties.swift"; sourceTree = "<group>"; };
		EC5818CD27433D6F006E0961 /* DetailTableViewCell.swift */ = {isa = PBXFileReference; fileEncoding = 4; lastKnownFileType = sourcecode.swift; path = DetailTableViewCell.swift; sourceTree = "<group>"; };
		EC5818CE27433D6F006E0961 /* DpTableViewCell.swift */ = {isa = PBXFileReference; fileEncoding = 4; lastKnownFileType = sourcecode.swift; path = DpTableViewCell.swift; sourceTree = "<group>"; };
		EC5818CF27433D6F006E0961 /* RepeatTableViewCell.swift */ = {isa = PBXFileReference; fileEncoding = 4; lastKnownFileType = sourcecode.swift; path = RepeatTableViewCell.swift; sourceTree = "<group>"; };
		EC5818D027433D6F006E0961 /* AlarmTableViewCell.swift */ = {isa = PBXFileReference; fileEncoding = 4; lastKnownFileType = sourcecode.swift; path = AlarmTableViewCell.swift; sourceTree = "<group>"; };
		EC5818D127433D6F006E0961 /* ViewController.swift */ = {isa = PBXFileReference; fileEncoding = 4; lastKnownFileType = sourcecode.swift; path = ViewController.swift; sourceTree = "<group>"; };
		EC5818D227433D70006E0961 /* SetAlarmViewController.swift */ = {isa = PBXFileReference; fileEncoding = 4; lastKnownFileType = sourcecode.swift; path = SetAlarmViewController.swift; sourceTree = "<group>"; };
		EC5818D327433D70006E0961 /* AlarmDetailViewController.swift */ = {isa = PBXFileReference; fileEncoding = 4; lastKnownFileType = sourcecode.swift; path = AlarmDetailViewController.swift; sourceTree = "<group>"; };
		EC5818DC27433DC7006E0961 /* InternetViewController.swift */ = {isa = PBXFileReference; fileEncoding = 4; lastKnownFileType = sourcecode.swift; path = InternetViewController.swift; sourceTree = "<group>"; };
		EC5818DE27433DD7006E0961 /* weatherson.swift */ = {isa = PBXFileReference; fileEncoding = 4; lastKnownFileType = sourcecode.swift; path = weatherson.swift; sourceTree = "<group>"; };
		EC5818DF27433DD7006E0961 /* WeatherViewController.swift */ = {isa = PBXFileReference; fileEncoding = 4; lastKnownFileType = sourcecode.swift; path = WeatherViewController.swift; sourceTree = "<group>"; };
		EC5818E027433DD7006E0961 /* WeatherService.swift */ = {isa = PBXFileReference; fileEncoding = 4; lastKnownFileType = sourcecode.swift; path = WeatherService.swift; sourceTree = "<group>"; };
		EC5818E427433DE5006E0961 /* Weather.plist */ = {isa = PBXFileReference; fileEncoding = 4; lastKnownFileType = text.plist.xml; path = Weather.plist; sourceTree = "<group>"; };
		EC5818EA274B328D006E0961 /* DataManager.swift */ = {isa = PBXFileReference; lastKnownFileType = sourcecode.swift; path = DataManager.swift; sourceTree = "<group>"; };
		EC5818EC274B67ED006E0961 /* ShowViewController.swift */ = {isa = PBXFileReference; lastKnownFileType = sourcecode.swift; path = ShowViewController.swift; sourceTree = "<group>"; };
		EC5818EE274B6D33006E0961 /* WriteViewController.swift */ = {isa = PBXFileReference; lastKnownFileType = sourcecode.swift; path = WriteViewController.swift; sourceTree = "<group>"; };
		EC5818F0274B879E006E0961 /* ListTableViewController.swift */ = {isa = PBXFileReference; lastKnownFileType = sourcecode.swift; path = ListTableViewController.swift; sourceTree = "<group>"; };
		EC5818F2274BAFC7006E0961 /* floata++Bundle.swift */ = {isa = PBXFileReference; lastKnownFileType = sourcecode.swift; path = "floata++Bundle.swift"; sourceTree = "<group>"; };
/* End PBXFileReference section */

/* Begin PBXFrameworksBuildPhase section */
		EC58189F27433824006E0961 /* Frameworks */ = {
			isa = PBXFrameworksBuildPhase;
			buildActionMask = 2147483647;
			files = (
				17C134FB00E75034A7CBF7F8 /* Pods_floata.framework in Frameworks */,
			);
			runOnlyForDeploymentPostprocessing = 0;
		};
/* End PBXFrameworksBuildPhase section */

/* Begin PBXGroup section */
		52EB7DE365A3A9286AFE080A /* Frameworks */ = {
			isa = PBXGroup;
			children = (
				4AE51F40713A623BBA28BC06 /* Pods_floata.framework */,
			);
			name = Frameworks;
			sourceTree = "<group>";
		};
		EC58189927433824006E0961 = {
			isa = PBXGroup;
			children = (
				EC5818A427433824006E0961 /* floata */,
				EC5818A327433824006E0961 /* Products */,
				FBC6ECB49EC05B24CE26FE6B /* Pods */,
				52EB7DE365A3A9286AFE080A /* Frameworks */,
			);
			sourceTree = "<group>";
		};
		EC5818A327433824006E0961 /* Products */ = {
			isa = PBXGroup;
			children = (
				EC5818A227433824006E0961 /* floata.app */,
			);
			name = Products;
			sourceTree = "<group>";
		};
		EC5818A427433824006E0961 /* floata */ = {
			isa = PBXGroup;
			children = (
				EC5818DB27433DC7006E0961 /* internet */,
				EC5818CB27433B2D006E0961 /* weather */,
				EC5818CA27433AD4006E0961 /* diary */,
				EC5818BC2743390A006E0961 /* alram */,
				EC5818A527433824006E0961 /* AppDelegate.swift */,
				EC5818A727433824006E0961 /* SceneDelegate.swift */,
				EC5818AB27433824006E0961 /* Main.storyboard */,
				EC5818B127433826006E0961 /* Assets.xcassets */,
				EC5818B327433826006E0961 /* LaunchScreen.storyboard */,
				EC5818B627433826006E0961 /* Info.plist */,
				EC5818E427433DE5006E0961 /* Weather.plist */,
				EC5818AE27433824006E0961 /* floata.xcdatamodeld */,
				EC5818F2274BAFC7006E0961 /* floata++Bundle.swift */,
			);
			path = floata;
			sourceTree = "<group>";
		};
		EC5818BC2743390A006E0961 /* alram */ = {
			isa = PBXGroup;
			children = (
				EC5818CC27433D6F006E0961 /* cell */,
				EC5818D327433D70006E0961 /* AlarmDetailViewController.swift */,
				EC5818D227433D70006E0961 /* SetAlarmViewController.swift */,
				EC5818D127433D6F006E0961 /* ViewController.swift */,
			);
			path = alram;
			sourceTree = "<group>";
		};
		EC5818CA27433AD4006E0961 /* diary */ = {
			isa = PBXGroup;
			children = (
				EC5818C627433A43006E0961 /* Writer+CoreDataClass.swift */,
				EC5818C727433A43006E0961 /* Writer+CoreDataProperties.swift */,
				EC5818EA274B328D006E0961 /* DataManager.swift */,
				EC5818EC274B67ED006E0961 /* ShowViewController.swift */,
				EC5818EE274B6D33006E0961 /* WriteViewController.swift */,
				EC5818F0274B879E006E0961 /* ListTableViewController.swift */,
			);
			path = diary;
			sourceTree = "<group>";
		};
		EC5818CB27433B2D006E0961 /* weather */ = {
			isa = PBXGroup;
			children = (
				EC5818E027433DD7006E0961 /* WeatherService.swift */,
				EC5818DE27433DD7006E0961 /* weatherson.swift */,
				EC5818DF27433DD7006E0961 /* WeatherViewController.swift */,
			);
			path = weather;
			sourceTree = "<group>";
		};
		EC5818CC27433D6F006E0961 /* cell */ = {
			isa = PBXGroup;
			children = (
				EC5818CD27433D6F006E0961 /* DetailTableViewCell.swift */,
				EC5818CE27433D6F006E0961 /* DpTableViewCell.swift */,
				EC5818CF27433D6F006E0961 /* RepeatTableViewCell.swift */,
				EC5818D027433D6F006E0961 /* AlarmTableViewCell.swift */,
			);
			path = cell;
			sourceTree = "<group>";
		};
		EC5818DB27433DC7006E0961 /* internet */ = {
			isa = PBXGroup;
			children = (
				EC5818DC27433DC7006E0961 /* InternetViewController.swift */,
			);
			path = internet;
			sourceTree = "<group>";
		};
		FBC6ECB49EC05B24CE26FE6B /* Pods */ = {
			isa = PBXGroup;
			children = (
				DAB71AD429B50C7A0F075B89 /* Pods-floata.debug.xcconfig */,
				619DB7E9128A08C0D1E19084 /* Pods-floata.release.xcconfig */,
			);
			path = Pods;
			sourceTree = "<group>";
		};
/* End PBXGroup section */

/* Begin PBXNativeTarget section */
		EC5818A127433824006E0961 /* floata */ = {
			isa = PBXNativeTarget;
			buildConfigurationList = EC5818B927433826006E0961 /* Build configuration list for PBXNativeTarget "floata" */;
			buildPhases = (
				7BEA1713C8633B43E3579BF1 /* [CP] Check Pods Manifest.lock */,
				EC58189E27433824006E0961 /* Sources */,
				EC58189F27433824006E0961 /* Frameworks */,
				EC5818A027433824006E0961 /* Resources */,
				E5A7744ABFDC22374F760FF7 /* [CP] Embed Pods Frameworks */,
			);
			buildRules = (
			);
			dependencies = (
			);
			name = floata;
			productName = floata;
			productReference = EC5818A227433824006E0961 /* floata.app */;
			productType = "com.apple.product-type.application";
		};
/* End PBXNativeTarget section */

/* Begin PBXProject section */
		EC58189A27433824006E0961 /* Project object */ = {
			isa = PBXProject;
			attributes = {
				BuildIndependentTargetsInParallel = 1;
				LastSwiftUpdateCheck = 1310;
				LastUpgradeCheck = 1310;
				TargetAttributes = {
					EC5818A127433824006E0961 = {
						CreatedOnToolsVersion = 13.1;
					};
				};
			};
			buildConfigurationList = EC58189D27433824006E0961 /* Build configuration list for PBXProject "floata" */;
			compatibilityVersion = "Xcode 13.0";
			developmentRegion = en;
			hasScannedForEncodings = 0;
			knownRegions = (
				en,
				Base,
			);
			mainGroup = EC58189927433824006E0961;
			productRefGroup = EC5818A327433824006E0961 /* Products */;
			projectDirPath = "";
			projectRoot = "";
			targets = (
				EC5818A127433824006E0961 /* floata */,
			);
		};
/* End PBXProject section */

/* Begin PBXResourcesBuildPhase section */
		EC5818A027433824006E0961 /* Resources */ = {
			isa = PBXResourcesBuildPhase;
			buildActionMask = 2147483647;
			files = (
				EC5818B527433826006E0961 /* LaunchScreen.storyboard in Resources */,
				EC5818B227433826006E0961 /* Assets.xcassets in Resources */,
				EC5818AD27433824006E0961 /* Main.storyboard in Resources */,
				EC5818E527433DE5006E0961 /* Weather.plist in Resources */,
			);
			runOnlyForDeploymentPostprocessing = 0;
		};
/* End PBXResourcesBuildPhase section */

/* Begin PBXShellScriptBuildPhase section */
		7BEA1713C8633B43E3579BF1 /* [CP] Check Pods Manifest.lock */ = {
			isa = PBXShellScriptBuildPhase;
			buildActionMask = 2147483647;
			files = (
			);
			inputFileListPaths = (
			);
			inputPaths = (
				"${PODS_PODFILE_DIR_PATH}/Podfile.lock",
				"${PODS_ROOT}/Manifest.lock",
			);
			name = "[CP] Check Pods Manifest.lock";
			outputFileListPaths = (
			);
			outputPaths = (
				"$(DERIVED_FILE_DIR)/Pods-floata-checkManifestLockResult.txt",
			);
			runOnlyForDeploymentPostprocessing = 0;
			shellPath = /bin/sh;
			shellScript = "diff \"${PODS_PODFILE_DIR_PATH}/Podfile.lock\" \"${PODS_ROOT}/Manifest.lock\" > /dev/null\nif [ $? != 0 ] ; then\n    # print error to STDERR\n    echo \"error: The sandbox is not in sync with the Podfile.lock. Run 'pod install' or update your CocoaPods installation.\" >&2\n    exit 1\nfi\n# This output is used by Xcode 'outputs' to avoid re-running this script phase.\necho \"SUCCESS\" > \"${SCRIPT_OUTPUT_FILE_0}\"\n";
			showEnvVarsInLog = 0;
		};
		E5A7744ABFDC22374F760FF7 /* [CP] Embed Pods Frameworks */ = {
			isa = PBXShellScriptBuildPhase;
			buildActionMask = 2147483647;
			files = (
			);
			inputFileListPaths = (
				"${PODS_ROOT}/Target Support Files/Pods-floata/Pods-floata-frameworks-${CONFIGURATION}-input-files.xcfilelist",
			);
			name = "[CP] Embed Pods Frameworks";
			outputFileListPaths = (
				"${PODS_ROOT}/Target Support Files/Pods-floata/Pods-floata-frameworks-${CONFIGURATION}-output-files.xcfilelist",
			);
			runOnlyForDeploymentPostprocessing = 0;
			shellPath = /bin/sh;
			shellScript = "\"${PODS_ROOT}/Target Support Files/Pods-floata/Pods-floata-frameworks.sh\"\n";
			showEnvVarsInLog = 0;
		};
/* End PBXShellScriptBuildPhase section */

/* Begin PBXSourcesBuildPhase section */
		EC58189E27433824006E0961 /* Sources */ = {
			isa = PBXSourcesBuildPhase;
			buildActionMask = 2147483647;
			files = (
				EC5818E327433DD7006E0961 /* WeatherService.swift in Sources */,
				EC5818C827433A43006E0961 /* Writer+CoreDataClass.swift in Sources */,
				EC5818E227433DD7006E0961 /* WeatherViewController.swift in Sources */,
				EC5818F3274BAFC7006E0961 /* floata++Bundle.swift in Sources */,
				EC5818DD27433DC7006E0961 /* InternetViewController.swift in Sources */,
				EC5818D427433D70006E0961 /* DetailTableViewCell.swift in Sources */,
				EC5818D927433D70006E0961 /* SetAlarmViewController.swift in Sources */,
				EC5818F1274B879E006E0961 /* ListTableViewController.swift in Sources */,
				EC5818C927433A43006E0961 /* Writer+CoreDataProperties.swift in Sources */,
				EC5818EB274B328D006E0961 /* DataManager.swift in Sources */,
				EC5818E127433DD7006E0961 /* weatherson.swift in Sources */,
				EC5818ED274B67ED006E0961 /* ShowViewController.swift in Sources */,
				EC5818D827433D70006E0961 /* ViewController.swift in Sources */,
				EC5818A627433824006E0961 /* AppDelegate.swift in Sources */,
				EC5818D727433D70006E0961 /* AlarmTableViewCell.swift in Sources */,
				EC5818B027433824006E0961 /* floata.xcdatamodeld in Sources */,
				EC5818D627433D70006E0961 /* RepeatTableViewCell.swift in Sources */,
				EC5818A827433824006E0961 /* SceneDelegate.swift in Sources */,
				EC5818D527433D70006E0961 /* DpTableViewCell.swift in Sources */,
				EC5818EF274B6D33006E0961 /* WriteViewController.swift in Sources */,
				EC5818DA27433D70006E0961 /* AlarmDetailViewController.swift in Sources */,
			);
			runOnlyForDeploymentPostprocessing = 0;
		};
/* End PBXSourcesBuildPhase section */

/* Begin PBXVariantGroup section */
		EC5818AB27433824006E0961 /* Main.storyboard */ = {
			isa = PBXVariantGroup;
			children = (
				EC5818AC27433824006E0961 /* Base */,
			);
			name = Main.storyboard;
			sourceTree = "<group>";
		};
		EC5818B327433826006E0961 /* LaunchScreen.storyboard */ = {
			isa = PBXVariantGroup;
			children = (
				EC5818B427433826006E0961 /* Base */,
			);
			name = LaunchScreen.storyboard;
			sourceTree = "<group>";
		};
/* End PBXVariantGroup section */

/* Begin XCBuildConfiguration section */
		EC5818B727433826006E0961 /* Debug */ = {
			isa = XCBuildConfiguration;
			buildSettings = {
				ALWAYS_SEARCH_USER_PATHS = NO;
				CLANG_ANALYZER_NONNULL = YES;
				CLANG_ANALYZER_NUMBER_OBJECT_CONVERSION = YES_AGGRESSIVE;
				CLANG_CXX_LANGUAGE_STANDARD = "gnu++17";
				CLANG_CXX_LIBRARY = "libc++";
				CLANG_ENABLE_MODULES = YES;
				CLANG_ENABLE_OBJC_ARC = YES;
				CLANG_ENABLE_OBJC_WEAK = YES;
				CLANG_WARN_BLOCK_CAPTURE_AUTORELEASING = YES;
				CLANG_WARN_BOOL_CONVERSION = YES;
				CLANG_WARN_COMMA = YES;
				CLANG_WARN_CONSTANT_CONVERSION = YES;
				CLANG_WARN_DEPRECATED_OBJC_IMPLEMENTATIONS = YES;
				CLANG_WARN_DIRECT_OBJC_ISA_USAGE = YES_ERROR;
				CLANG_WARN_DOCUMENTATION_COMMENTS = YES;
				CLANG_WARN_EMPTY_BODY = YES;
				CLANG_WARN_ENUM_CONVERSION = YES;
				CLANG_WARN_INFINITE_RECURSION = YES;
				CLANG_WARN_INT_CONVERSION = YES;
				CLANG_WARN_NON_LITERAL_NULL_CONVERSION = YES;
				CLANG_WARN_OBJC_IMPLICIT_RETAIN_SELF = YES;
				CLANG_WARN_OBJC_LITERAL_CONVERSION = YES;
				CLANG_WARN_OBJC_ROOT_CLASS = YES_ERROR;
				CLANG_WARN_QUOTED_INCLUDE_IN_FRAMEWORK_HEADER = YES;
				CLANG_WARN_RANGE_LOOP_ANALYSIS = YES;
				CLANG_WARN_STRICT_PROTOTYPES = YES;
				CLANG_WARN_SUSPICIOUS_MOVE = YES;
				CLANG_WARN_UNGUARDED_AVAILABILITY = YES_AGGRESSIVE;
				CLANG_WARN_UNREACHABLE_CODE = YES;
				CLANG_WARN__DUPLICATE_METHOD_MATCH = YES;
				COPY_PHASE_STRIP = NO;
				DEBUG_INFORMATION_FORMAT = dwarf;
				ENABLE_STRICT_OBJC_MSGSEND = YES;
				ENABLE_TESTABILITY = YES;
				GCC_C_LANGUAGE_STANDARD = gnu11;
				GCC_DYNAMIC_NO_PIC = NO;
				GCC_NO_COMMON_BLOCKS = YES;
				GCC_OPTIMIZATION_LEVEL = 0;
				GCC_PREPROCESSOR_DEFINITIONS = (
					"DEBUG=1",
					"$(inherited)",
				);
				GCC_WARN_64_TO_32_BIT_CONVERSION = YES;
				GCC_WARN_ABOUT_RETURN_TYPE = YES_ERROR;
				GCC_WARN_UNDECLARED_SELECTOR = YES;
				GCC_WARN_UNINITIALIZED_AUTOS = YES_AGGRESSIVE;
				GCC_WARN_UNUSED_FUNCTION = YES;
				GCC_WARN_UNUSED_VARIABLE = YES;
				IPHONEOS_DEPLOYMENT_TARGET = 15.0;
				MTL_ENABLE_DEBUG_INFO = INCLUDE_SOURCE;
				MTL_FAST_MATH = YES;
				ONLY_ACTIVE_ARCH = YES;
				SDKROOT = iphoneos;
				SWIFT_ACTIVE_COMPILATION_CONDITIONS = DEBUG;
				SWIFT_OPTIMIZATION_LEVEL = "-Onone";
			};
			name = Debug;
		};
		EC5818B827433826006E0961 /* Release */ = {
			isa = XCBuildConfiguration;
			buildSettings = {
				ALWAYS_SEARCH_USER_PATHS = NO;
				CLANG_ANALYZER_NONNULL = YES;
				CLANG_ANALYZER_NUMBER_OBJECT_CONVERSION = YES_AGGRESSIVE;
				CLANG_CXX_LANGUAGE_STANDARD = "gnu++17";
				CLANG_CXX_LIBRARY = "libc++";
				CLANG_ENABLE_MODULES = YES;
				CLANG_ENABLE_OBJC_ARC = YES;
				CLANG_ENABLE_OBJC_WEAK = YES;
				CLANG_WARN_BLOCK_CAPTURE_AUTORELEASING = YES;
				CLANG_WARN_BOOL_CONVERSION = YES;
				CLANG_WARN_COMMA = YES;
				CLANG_WARN_CONSTANT_CONVERSION = YES;
				CLANG_WARN_DEPRECATED_OBJC_IMPLEMENTATIONS = YES;
				CLANG_WARN_DIRECT_OBJC_ISA_USAGE = YES_ERROR;
				CLANG_WARN_DOCUMENTATION_COMMENTS = YES;
				CLANG_WARN_EMPTY_BODY = YES;
				CLANG_WARN_ENUM_CONVERSION = YES;
				CLANG_WARN_INFINITE_RECURSION = YES;
				CLANG_WARN_INT_CONVERSION = YES;
				CLANG_WARN_NON_LITERAL_NULL_CONVERSION = YES;
				CLANG_WARN_OBJC_IMPLICIT_RETAIN_SELF = YES;
				CLANG_WARN_OBJC_LITERAL_CONVERSION = YES;
				CLANG_WARN_OBJC_ROOT_CLASS = YES_ERROR;
				CLANG_WARN_QUOTED_INCLUDE_IN_FRAMEWORK_HEADER = YES;
				CLANG_WARN_RANGE_LOOP_ANALYSIS = YES;
				CLANG_WARN_STRICT_PROTOTYPES = YES;
				CLANG_WARN_SUSPICIOUS_MOVE = YES;
				CLANG_WARN_UNGUARDED_AVAILABILITY = YES_AGGRESSIVE;
				CLANG_WARN_UNREACHABLE_CODE = YES;
				CLANG_WARN__DUPLICATE_METHOD_MATCH = YES;
				COPY_PHASE_STRIP = NO;
				DEBUG_INFORMATION_FORMAT = "dwarf-with-dsym";
				ENABLE_NS_ASSERTIONS = NO;
				ENABLE_STRICT_OBJC_MSGSEND = YES;
				GCC_C_LANGUAGE_STANDARD = gnu11;
				GCC_NO_COMMON_BLOCKS = YES;
				GCC_WARN_64_TO_32_BIT_CONVERSION = YES;
				GCC_WARN_ABOUT_RETURN_TYPE = YES_ERROR;
				GCC_WARN_UNDECLARED_SELECTOR = YES;
				GCC_WARN_UNINITIALIZED_AUTOS = YES_AGGRESSIVE;
				GCC_WARN_UNUSED_FUNCTION = YES;
				GCC_WARN_UNUSED_VARIABLE = YES;
				IPHONEOS_DEPLOYMENT_TARGET = 15.0;
				MTL_ENABLE_DEBUG_INFO = NO;
				MTL_FAST_MATH = YES;
				SDKROOT = iphoneos;
				SWIFT_COMPILATION_MODE = wholemodule;
				SWIFT_OPTIMIZATION_LEVEL = "-O";
				VALIDATE_PRODUCT = YES;
			};
			name = Release;
		};
		EC5818BA27433826006E0961 /* Debug */ = {
			isa = XCBuildConfiguration;
			baseConfigurationReference = DAB71AD429B50C7A0F075B89 /* Pods-floata.debug.xcconfig */;
			buildSettings = {
				ASSETCATALOG_COMPILER_APPICON_NAME = AppIcon;
				ASSETCATALOG_COMPILER_GLOBAL_ACCENT_COLOR_NAME = AccentColor;
				CODE_SIGN_STYLE = Automatic;
				CURRENT_PROJECT_VERSION = 1;
				DEVELOPMENT_TEAM = PM2865VY34;
				GENERATE_INFOPLIST_FILE = YES;
				INFOPLIST_FILE = floata/Info.plist;
				INFOPLIST_KEY_UIApplicationSupportsIndirectInputEvents = YES;
				INFOPLIST_KEY_UILaunchStoryboardName = LaunchScreen;
				INFOPLIST_KEY_UIMainStoryboardFile = Main;
				INFOPLIST_KEY_UISupportedInterfaceOrientations_iPad = "UIInterfaceOrientationPortrait UIInterfaceOrientationPortraitUpsideDown UIInterfaceOrientationLandscapeLeft UIInterfaceOrientationLandscapeRight";
				INFOPLIST_KEY_UISupportedInterfaceOrientations_iPhone = "UIInterfaceOrientationPortrait UIInterfaceOrientationLandscapeLeft UIInterfaceOrientationLandscapeRight";
				LD_RUNPATH_SEARCH_PATHS = (
					"$(inherited)",
					"@executable_path/Frameworks",
				);
				MARKETING_VERSION = 1.0;
				PRODUCT_BUNDLE_IDENTIFIER = flo.third.floata;
				PRODUCT_NAME = "$(TARGET_NAME)";
				SWIFT_EMIT_LOC_STRINGS = YES;
				SWIFT_VERSION = 5.0;
				TARGETED_DEVICE_FAMILY = "1,2";
			};
			name = Debug;
		};
		EC5818BB27433826006E0961 /* Release */ = {
			isa = XCBuildConfiguration;
			baseConfigurationReference = 619DB7E9128A08C0D1E19084 /* Pods-floata.release.xcconfig */;
			buildSettings = {
				ASSETCATALOG_COMPILER_APPICON_NAME = AppIcon;
				ASSETCATALOG_COMPILER_GLOBAL_ACCENT_COLOR_NAME = AccentColor;
				CODE_SIGN_STYLE = Automatic;
				CURRENT_PROJECT_VERSION = 1;
				DEVELOPMENT_TEAM = PM2865VY34;
				GENERATE_INFOPLIST_FILE = YES;
				INFOPLIST_FILE = floata/Info.plist;
				INFOPLIST_KEY_UIApplicationSupportsIndirectInputEvents = YES;
				INFOPLIST_KEY_UILaunchStoryboardName = LaunchScreen;
				INFOPLIST_KEY_UIMainStoryboardFile = Main;
				INFOPLIST_KEY_UISupportedInterfaceOrientations_iPad = "UIInterfaceOrientationPortrait UIInterfaceOrientationPortraitUpsideDown UIInterfaceOrientationLandscapeLeft UIInterfaceOrientationLandscapeRight";
				INFOPLIST_KEY_UISupportedInterfaceOrientations_iPhone = "UIInterfaceOrientationPortrait UIInterfaceOrientationLandscapeLeft UIInterfaceOrientationLandscapeRight";
				LD_RUNPATH_SEARCH_PATHS = (
					"$(inherited)",
					"@executable_path/Frameworks",
				);
				MARKETING_VERSION = 1.0;
				PRODUCT_BUNDLE_IDENTIFIER = flo.third.floata;
				PRODUCT_NAME = "$(TARGET_NAME)";
				SWIFT_EMIT_LOC_STRINGS = YES;
				SWIFT_VERSION = 5.0;
				TARGETED_DEVICE_FAMILY = "1,2";
			};
			name = Release;
		};
/* End XCBuildConfiguration section */

/* Begin XCConfigurationList section */
		EC58189D27433824006E0961 /* Build configuration list for PBXProject "floata" */ = {
			isa = XCConfigurationList;
			buildConfigurations = (
				EC5818B727433826006E0961 /* Debug */,
				EC5818B827433826006E0961 /* Release */,
			);
			defaultConfigurationIsVisible = 0;
			defaultConfigurationName = Release;
		};
		EC5818B927433826006E0961 /* Build configuration list for PBXNativeTarget "floata" */ = {
			isa = XCConfigurationList;
			buildConfigurations = (
				EC5818BA27433826006E0961 /* Debug */,
				EC5818BB27433826006E0961 /* Release */,
			);
			defaultConfigurationIsVisible = 0;
			defaultConfigurationName = Release;
		};
/* End XCConfigurationList section */

/* Begin XCVersionGroup section */
		EC5818AE27433824006E0961 /* floata.xcdatamodeld */ = {
			isa = XCVersionGroup;
			children = (
				EC5818AF27433824006E0961 /* floata.xcdatamodel */,
			);
			currentVersion = EC5818AF27433824006E0961 /* floata.xcdatamodel */;
			path = floata.xcdatamodeld;
			sourceTree = "<group>";
			versionGroupType = wrapper.xcdatamodel;
		};
/* End XCVersionGroup section */
	};
	rootObject = EC58189A27433824006E0961 /* Project object */;
}
